Microsoft Visual Studio Solution File, Format Version 11.00
# Visual Studio 2008

Project("{670FD18E-991E-9E51-18E1-731160A49336}") = "TraditionalGameDev", "Assembly-CSharp.csproj", "{462B59BA-F8A5-854A-5A8F-F1C724CEEE32}"
EndProject
Global
	GlobalSection(SolutionConfigurationPlatforms) = preSolution
		Debug|Any CPU = Debug|Any CPU
		Release|Any CPU = Release|Any CPU
	EndGlobalSection
	GlobalSection(ProjectConfigurationPlatforms) = postSolution
		{462B59BA-F8A5-854A-5A8F-F1C724CEEE32}.Debug|Any CPU.ActiveCfg = Debug|Any CPU
		{462B59BA-F8A5-854A-5A8F-F1C724CEEE32}.Debug|Any CPU.Build.0 = Debug|Any CPU
		{462B59BA-F8A5-854A-5A8F-F1C724CEEE32}.Release|Any CPU.ActiveCfg = Release|Any CPU
		{462B59BA-F8A5-854A-5A8F-F1C724CEEE32}.Release|Any CPU.Build.0 = Release|Any CPU
	EndGlobalSection
	GlobalSection(SolutionProperties) = preSolution
		HideSolutionNode = FALSE
	EndGlobalSection
	GlobalSection(MonoDevelopProperties) = preSolution
		StartupItem = Assembly-CSharp.csproj
	EndGlobalSection
EndGlobal
